dependencies:
- name: kube-prometheus-stack
  repository: oci://registry-1.docker.io/highball
  version: 1.4.0
- name: loki
  repository: oci://registry-1.docker.io/highball
  version: 1.1.0
- name: promtail
  repository: https://grafana.github.io/helm-charts
  version: 6.16.6
- name: tempo
  repository: https://grafana.github.io/helm-charts
  version: 1.10.3
digest: sha256:7c05bd31a8176258ea7ba817ef087708313c8594273a6a3dc8692bf486fe9fc4
generated: "2024-09-23T15:30:16.841051+03:00"
