dependencies:
- name: kube-prometheus-stack
  repository: oci://registry-1.docker.io/highball
  version: 1.4.0
- name: loki-stack
  repository: oci://registry-1.docker.io/highball
  version: 1.1.0
digest: sha256:1e54a1450af5442fee2cb4a2ab70a70856da8763e832f80ea713f24f0dbd3744
generated: "2024-09-18T08:40:38.217268+03:00"
